
Microsoft Visual Studio Solution File, Format Version 12.00
# Visual Studio 15
VisualStudioVersion = 15.0.27703.2018
MinimumVisualStudioVersion = 10.0.40219.1
Project("{FAE04EC0-301F-11D3-BF4B-00C04F79EFBC}") = "Oceania-MG", "Oceania-MG\Oceania-MG.csproj", "{8CDE8D68-71E5-4487-A1FD-1876B914B433}"
EndProject
Global
	GlobalSection(SolutionConfigurationPlatforms) = preSolution
		Debug|Any CPU = Debug|Any CPU
		Release|Any CPU = Release|Any CPU
	EndGlobalSection
	GlobalSection(ProjectConfigurationPlatforms) = postSolution
		{8CDE8D68-71E5-4487-A1FD-1876B914B433}.Debug|Any CPU.ActiveCfg = Debug|Any CPU
		{8CDE8D68-71E5-4487-A1FD-1876B914B433}.Debug|Any CPU.Build.0 = Debug|Any CPU
		{8CDE8D68-71E5-4487-A1FD-1876B914B433}.Release|Any CPU.ActiveCfg = Release|Any CPU
		{8CDE8D68-71E5-4487-A1FD-1876B914B433}.Release|Any CPU.Build.0 = Release|Any CPU
	EndGlobalSection
	GlobalSection(SolutionProperties) = preSolution
		HideSolutionNode = FALSE
	EndGlobalSection
	GlobalSection(ExtensibilityGlobals) = postSolution
		SolutionGuid = {8D36D75C-818A-48AF-A589-18F3BA3EF69D}
	EndGlobalSection
EndGlobal
